
Microsoft Visual Studio Solution File, Format Version 12.00
# Visual Studio Version 17
VisualStudioVersion = 17.0.32014.148
MinimumVisualStudioVersion = 10.0.40219.1
Project("{9A19103F-16F7-4668-BE54-9A1E7A4F7556}") = "HomeworkServicesAPI6", "HomeworkServicesAPI6\HomeworkServicesAPI6.csproj", "{BD502FCD-8B03-40BC-A88B-0CD76DC57C1C}"
EndProject
Project("{FAE04EC0-301F-11D3-BF4B-00C04F79EFBC}") = "DAL", "DAL\DAL.csproj", "{1BF341C3-3990-43CE-9493-2C4010211AA9}"
EndProject
Project("{FAE04EC0-301F-11D3-BF4B-00C04F79EFBC}") = "Entities", "Entities\Entities.csproj", "{51C01DC1-96FA-457E-9118-966CCB96732B}"
EndProject
Global
	GlobalSection(SolutionConfigurationPlatforms) = preSolution
		Debug|Any CPU = Debug|Any CPU
		Release|Any CPU = Release|Any CPU
	EndGlobalSection
	GlobalSection(ProjectConfigurationPlatforms) = postSolution
		{BD502FCD-8B03-40BC-A88B-0CD76DC57C1C}.Debug|Any CPU.ActiveCfg = Debug|Any CPU
		{BD502FCD-8B03-40BC-A88B-0CD76DC57C1C}.Debug|Any CPU.Build.0 = Debug|Any CPU
		{BD502FCD-8B03-40BC-A88B-0CD76DC57C1C}.Release|Any CPU.ActiveCfg = Release|Any CPU
		{BD502FCD-8B03-40BC-A88B-0CD76DC57C1C}.Release|Any CPU.Build.0 = Release|Any CPU
		{1BF341C3-3990-43CE-9493-2C4010211AA9}.Debug|Any CPU.ActiveCfg = Debug|Any CPU
		{1BF341C3-3990-43CE-9493-2C4010211AA9}.Debug|Any CPU.Build.0 = Debug|Any CPU
		{1BF341C3-3990-43CE-9493-2C4010211AA9}.Release|Any CPU.ActiveCfg = Release|Any CPU
		{1BF341C3-3990-43CE-9493-2C4010211AA9}.Release|Any CPU.Build.0 = Release|Any CPU
		{51C01DC1-96FA-457E-9118-966CCB96732B}.Debug|Any CPU.ActiveCfg = Debug|Any CPU
		{51C01DC1-96FA-457E-9118-966CCB96732B}.Debug|Any CPU.Build.0 = Debug|Any CPU
		{51C01DC1-96FA-457E-9118-966CCB96732B}.Release|Any CPU.ActiveCfg = Release|Any CPU
		{51C01DC1-96FA-457E-9118-966CCB96732B}.Release|Any CPU.Build.0 = Release|Any CPU
	EndGlobalSection
	GlobalSection(SolutionProperties) = preSolution
		HideSolutionNode = FALSE
	EndGlobalSection
	GlobalSection(ExtensibilityGlobals) = postSolution
		SolutionGuid = {4529798B-8719-473E-94FD-7C6812C020BD}
	EndGlobalSection
EndGlobal
